{
  "lockfileVersion": 1,
  "configVersion": 1,
  "workspaces": {
    "": {
      "name": "truo-img",
      "devDependencies": {
        "@angular/common": "^19",
        "@angular/core": "^19",
        "@nuxt/image": "2.1.0",
        "@types/bun": "^1.3.9",
        "@types/node": "^22.10.0",
        "rxjs": "^7.8.2",
        "typescript": "^5.9.3",
        "ufo": "^1.5.4",
        "unpic": "4.2.2",
        "zone.js": "^0.16.2",
      },
    },
    "packages/angular": {
      "name": "@truocloud/img-angular",
      "version": "0.1.0",
      "dependencies": {
        "@truocloud/img": "0.1.0",
      },
      "peerDependencies": {
        "@angular/common": ">=15",
        "@angular/core": ">=15",
      },
    },
    "packages/next": {
      "name": "@truocloud/img-next",
      "version": "0.1.0",
      "dependencies": {
        "@truocloud/img": "0.1.0",
      },
      "peerDependencies": {
        "next": ">=13",
      },
      "optionalPeers": [
        "next",
      ],
    },
    "packages/nuxt": {
      "name": "@truocloud/img-nuxt",
      "version": "0.1.0",
      "dependencies": {
        "@truocloud/img": "0.1.0",
      },
      "peerDependencies": {
        "@nuxt/image": ">=1",
      },
      "optionalPeers": [
        "@nuxt/image",
      ],
    },
    "packages/url": {
      "name": "@truocloud/img",
      "version": "0.1.0",
    },
  },
  "packages": {
    "@angular/common": ["@angular/common@19.2.25", "", { "dependencies": { "tslib": "^2.3.0" }, "peerDependencies": { "@angular/core": "19.2.25", "rxjs": "^6.5.3 || ^7.4.0" } }, "sha512-WteFLyfDPvilzpSGHk64bqowa4NnHdbjNl1xXeGr038fgTjp0l0NdiUPqeDtYT4pf5lWl6477pPoQN7o//NyyQ=="],

    "@angular/core": ["@angular/core@19.2.25", "", { "dependencies": { "tslib": "^2.3.0" }, "peerDependencies": { "rxjs": "^6.5.3 || ^7.4.0", "zone.js": "~0.15.0" } }, "sha512-j7/irbbdO4rmZfRXS+sphCerzgcRlpGFwxHc/76Ual+ckwJG0MPsNFkllz2SIEZzE1EZkmIunGrHbjeRBJjyvg=="],

    "@emnapi/runtime": ["@emnapi/runtime@1.11.3", "", { "dependencies": { "tslib": "^2.4.0" } }, "sha512-Xz4Tpyki7XyrpbUK1jR1AhdAdaXyhhY4lZ3neLodmhpuWfy2PAQN5B46sAiU4liOXGLkHypn/qU+jvfWSCYYLA=="],

    "@img/colour": ["@img/colour@1.1.0", "", {}, "sha512-Td76q7j57o/tLVdgS746cYARfSyxk8iEfRxewL9h4OMzYhbW4TAcppl0mT4eyqXddh6L/jwoM75mo7ixa/pCeQ=="],

    "@img/sharp-darwin-arm64": ["@img/sharp-darwin-arm64@0.35.3", "", { "optionalDependencies": { "@img/sharp-libvips-darwin-arm64": "1.3.2" }, "os": "darwin", "cpu": "arm64" }, "sha512-RMnFX7YQsMoh7lWfcM4NEHHymBX/rLuKNPVM84XE9ONPcaSCDgE7CHIHpSgPcO2xcRthgBy1HfNO319mwhIAkg=="],

    "@img/sharp-darwin-x64": ["@img/sharp-darwin-x64@0.35.3", "", { "optionalDependencies": { "@img/sharp-libvips-darwin-x64": "1.3.2" }, "os": "darwin", "cpu": "x64" }, "sha512-Xo+5uFBtLN0BKqieTxiFzFPQAUlBbbH5iBKyRX/z1JrbnYsHTfKJnUfL8+p2TPXr1pXqao4eeL4Rl144uDpK9w=="],

    "@img/sharp-freebsd-wasm32": ["@img/sharp-freebsd-wasm32@0.35.3", "", { "dependencies": { "@img/sharp-wasm32": "0.35.3" }, "os": "freebsd" }, "sha512-lUxcqWIj2wMQ9BrwNjngcr1gWUr5xgaGThBRqPPalIC2n67Cqj1uPh8NnA/ZhAg8hUbKl+kVHKwgUIwe6ZYPrg=="],

    "@img/sharp-libvips-darwin-arm64": ["@img/sharp-libvips-darwin-arm64@1.3.2", "", { "os": "darwin", "cpu": "arm64" }, "sha512-9J6ypZFpQBj4YnePGoq/S38w6nz+vqg5WZLrLGY4YuSemdMq47GMLBPO42MzwdGwpg/agZ7xzZcFHa48xlywfg=="],

    "@img/sharp-libvips-darwin-x64": ["@img/sharp-libvips-darwin-x64@1.3.2", "", { "os": "darwin", "cpu": "x64" }, "sha512-m2pW1n6cns9VaubNwsZ+c3CRYjxNQWgJ5gPlnL1nbBcpkBvFm6SCFN5o0psFHI8w9n11NKhFkeEDns98tiqbEw=="],

    "@img/sharp-libvips-linux-arm": ["@img/sharp-libvips-linux-arm@1.3.2", "", { "os": "linux", "cpu": "arm" }, "sha512-1eMLzy92I4J6rmi4mAT8yC3HxOtniyGELlzGbNMLLeqe052ahFQ0h6LFq+lh5DsDIdYViIDst08abvSbcEdLXQ=="],

    "@img/sharp-libvips-linux-arm64": ["@img/sharp-libvips-linux-arm64@1.3.2", "", { "os": "linux", "cpu": "arm64" }, "sha512-dqVSFynCox4C/J8kT16V7SIFAns0IjgLwkvYT7p8LQVmJ5OS5b6tI9IGflxTeuBS//zXeFIUbwt5dwxyZ17cnA=="],

    "@img/sharp-libvips-linux-ppc64": ["@img/sharp-libvips-linux-ppc64@1.3.2", "", { "os": "linux", "cpu": "ppc64" }, "sha512-3z0NHDxD6n5I9gc05U1eW1AyRm+Gznzq3naMrthPNqE6oYykcogW0l/jfpJdjYnuNl8R7yI9pNbE1XiUeyq0Aw=="],

    "@img/sharp-libvips-linux-riscv64": ["@img/sharp-libvips-linux-riscv64@1.3.2", "", { "os": "linux", "cpu": "none" }, "sha512-bsb4rI+NldGOsXuej2r8OdSS8+zXDVaCWxyWrcv6kneTOlgAHtZABRzBBCwdsPiD90J4myNJuHpg6kA20ImW/w=="],

    "@img/sharp-libvips-linux-s390x": ["@img/sharp-libvips-linux-s390x@1.3.2", "", { "os": "linux", "cpu": "s390x" }, "sha512-/ABshyj8gCpyIrNXnHn4LorDJ0HHm1VhXPBlxZ8zAtfVPAaSafXPGn+sUSIRiwaSBy0mmFjSjiXI5mkcwdChKQ=="],

    "@img/sharp-libvips-linux-x64": ["@img/sharp-libvips-linux-x64@1.3.2", "", { "os": "linux", "cpu": "x64" }, "sha512-ITPEtgffGJ0S6G9dRyw/366tJQqFRcHWPHhC+Stpg3Z8AEMrDrTr2lhdz4f/Y/HMbRh//7Z5mBzEpVdi62Oc3w=="],

    "@img/sharp-libvips-linuxmusl-arm64": ["@img/sharp-libvips-linuxmusl-arm64@1.3.2", "", { "os": "linux", "cpu": "arm64" }, "sha512-zE9EdiUzUmg5mDT5a1rk5fYJ6GWPloTwWBYDS14naqHsL+EaMpDj1AWnpLgh3u0YCORv2Tt50wrcrpYqkP97Kw=="],

    "@img/sharp-libvips-linuxmusl-x64": ["@img/sharp-libvips-linuxmusl-x64@1.3.2", "", { "os": "linux", "cpu": "x64" }, "sha512-m0lrLiUt+lBYnCFr8qV/65yMR4E/c7/wf78I5eKTdkEakFAlZ9QlzEM3QIhhAwVeUhLAHLcCq7a7Vszq/oFNZQ=="],

    "@img/sharp-linux-arm": ["@img/sharp-linux-arm@0.35.3", "", { "optionalDependencies": { "@img/sharp-libvips-linux-arm": "1.3.2" }, "os": "linux", "cpu": "arm" }, "sha512-affVWCTLooy8TSxbDx2qkzuDeaWLNVBA+P//FNBirHsXpP2fuBhk5AuboYUnrDnzoXes8GFjpTx0SBFOCRg+FA=="],

    "@img/sharp-linux-arm64": ["@img/sharp-linux-arm64@0.35.3", "", { "optionalDependencies": { "@img/sharp-libvips-linux-arm64": "1.3.2" }, "os": "linux", "cpu": "arm64" }, "sha512-QgKDspHPnrU+GQ55XPhGwyhC8acLVOOSyAvo1oVfFmrIXLkDNmGWzAfDZ4xK8oSA1qBQrALcHX0G5UZni/SuFQ=="],

    "@img/sharp-linux-ppc64": ["@img/sharp-linux-ppc64@0.35.3", "", { "optionalDependencies": { "@img/sharp-libvips-linux-ppc64": "1.3.2" }, "os": "linux", "cpu": "ppc64" }, "sha512-sMd8rDxmpLOwv/7N44klFjOD5DUO7FLdjiXDI0hoxYaf7Ar262dQIEkosE98bps+5HPLtp/EvNqeqQtOycP/IA=="],

    "@img/sharp-linux-riscv64": ["@img/sharp-linux-riscv64@0.35.3", "", { "optionalDependencies": { "@img/sharp-libvips-linux-riscv64": "1.3.2" }, "os": "linux", "cpu": "none" }, "sha512-0Eob78yjlYPfL5vMNWAW55l3R9Y6BQS/gOfe0ZcP9mEz9ohhKSt4im1hayiknXgf8AWrFqMvJcKIdmLmEe7yeQ=="],

    "@img/sharp-linux-s390x": ["@img/sharp-linux-s390x@0.35.3", "", { "optionalDependencies": { "@img/sharp-libvips-linux-s390x": "1.3.2" }, "os": "linux", "cpu": "s390x" }, "sha512-KgAxQ0DxpNOq1rG2t5cgTgShJFGSuU7XO45cqC+1NVOuZnP6tlgZRuSYOfNupGkHID0o3cJOsw4DVeJpMovcGw=="],

    "@img/sharp-linux-x64": ["@img/sharp-linux-x64@0.35.3", "", { "optionalDependencies": { "@img/sharp-libvips-linux-x64": "1.3.2" }, "os": "linux", "cpu": "x64" }, "sha512-8pqvxubL2PGdhlPy6GLqzDYMUjyRmKAwKHYKixpdJYBUK7PJ0C029XdsnpFIdgRZG68fZiGdHVWcKPvtiPB4cA=="],

    "@img/sharp-linuxmusl-arm64": ["@img/sharp-linuxmusl-arm64@0.35.3", "", { "optionalDependencies": { "@img/sharp-libvips-linuxmusl-arm64": "1.3.2" }, "os": "linux", "cpu": "arm64" }, "sha512-Vz0iQjzzcSX3HCbfwFfCSG/9SCIqyO0mH2sXyiHaAYfBk0cRsCWXRyQYX0ovCK/PAQBbTzQ0dsPQHh5MAFL59w=="],

    "@img/sharp-linuxmusl-x64": ["@img/sharp-linuxmusl-x64@0.35.3", "", { "optionalDependencies": { "@img/sharp-libvips-linuxmusl-x64": "1.3.2" }, "os": "linux", "cpu": "x64" }, "sha512-6O1NPKcDVj9QEdg7Hx549EX8U0rp6yXQERqru6yRN7fGBn32UvIRJUlWnk+8xDCiG76hXVBbX82NZ/ZKr0euIg=="],

    "@img/sharp-wasm32": ["@img/sharp-wasm32@0.35.3", "", { "dependencies": { "@emnapi/runtime": "^1.11.1" } }, "sha512-cZ0XkcYGpHZkqW6iCkqTcmUC0CD9DhD5d/qeZlZkfRBn6GnHniZXLUo5+9xw8Iv76YE6LQFN9YNBlKREcCG76w=="],

    "@img/sharp-webcontainers-wasm32": ["@img/sharp-webcontainers-wasm32@0.35.3", "", { "dependencies": { "@img/sharp-wasm32": "0.35.3" }, "cpu": "none" }, "sha512-2rnq7bX3NzeR2T4YWgz8qiG4h3TSdMe+vN1iQXpJleSJ3SM5zQ8Fy2SyyXAWlbxpEZ2Y+Z4u1BePgJEYbSy80Q=="],

    "@img/sharp-win32-arm64": ["@img/sharp-win32-arm64@0.35.3", "", { "os": "win32", "cpu": "arm64" }, "sha512-4bPwFdMbeC4JQ8L8LOyWp6nsHcboP5fxkp6iPOXz2Vg49R42TuMs2whkJ5OAP4/Ul035qOzy0AecOF9VOscn4w=="],

    "@img/sharp-win32-ia32": ["@img/sharp-win32-ia32@0.35.3", "", { "os": "win32", "cpu": "ia32" }, "sha512-r53mXsBN6lFUDiST764SvgwUdHAqM4rPAiDzAmf4fLoB6X/rkfyTrLCg6+g17wJJiCmB3JYgHuUldCWUIRFSXw=="],

    "@img/sharp-win32-x64": ["@img/sharp-win32-x64@0.35.3", "", { "os": "win32", "cpu": "x64" }, "sha512-D4y1vNeZrIIJCN+uHaWVtH86B+aCrdMYYjicy9pXHvbGZeGYLLSd3wdVuC37FxVXlU1ARsk84eKWfWMXGYEqvA=="],

    "@noble/hashes": ["@noble/hashes@2.2.0", "", {}, "sha512-IYqDGiTXab6FniAgnSdZwgWbomxpy9FtYvLKs7wCUs2a8RkITG+DFGO1DM9cr+E3/RgADRpFjrKVaJ1z6sjtEg=="],

    "@nuxt/image": ["@nuxt/image@2.1.0", "", { "dependencies": { "@noble/hashes": "^2.2.0", "@nuxt/kit": "^4.5.1", "defu": "^6.1.7", "h3": "^1.15.11", "image-meta": "^0.2.2", "knitwork": "^1.3.0", "ohash": "^2.0.11", "pathe": "^2.0.3", "std-env": "^4.2.0", "ufo": "^1.6.4" }, "optionalDependencies": { "ipx": "4.0.0-beta.1" } }, "sha512-UzAYq25uhwH1G6jvZBn/SwmniJr77fgF8KzbwUI3MuSdkIP3WQqt/F5wWKXgbGgAWWZGt8Vv2NQ0WZgFuxUBgQ=="],

    "@nuxt/kit": ["@nuxt/kit@4.5.1", "", { "dependencies": { "c12": "^3.3.4", "consola": "^3.4.2", "defu": "^6.1.7", "destr": "^2.0.5", "errx": "^0.1.0", "exsolve": "^1.1.0", "ignore": "^7.0.6", "jiti": "^2.7.0", "klona": "^2.0.6", "mlly": "^1.8.2", "nostics": "^1.2.0", "ohash": "^2.0.11", "pathe": "^2.0.3", "pkg-types": "^2.3.1", "rc9": "^3.0.1", "scule": "^1.3.0", "tinyglobby": "^0.2.17", "ufo": "^1.6.4", "unctx": "^3.0.0", "untyped": "^2.0.0", "verkit": "^0.2.0" } }, "sha512-xDXQspE2blxaZwxwGknL/BqaIbkLizl85Ov+pbSlPPd/rw2KjJGx88RHU5SwoQNwCiSC5hWZBnVAznIsq1xNHQ=="],

    "@truocloud/img": ["@truocloud/img@workspace:packages/url"],

    "@truocloud/img-angular": ["@truocloud/img-angular@workspace:packages/angular"],

    "@truocloud/img-next": ["@truocloud/img-next@workspace:packages/next"],

    "@truocloud/img-nuxt": ["@truocloud/img-nuxt@workspace:packages/nuxt"],

    "@types/bun": ["@types/bun@1.3.14", "", { "dependencies": { "bun-types": "1.3.14" } }, "sha512-h1hFqFVcvAvD9j9K7ZW7vd82aSA+rTdznZa+5bwvCwqSB1jmmfLcbIWhOLx1/+boy/xmjgCs/OMUL8hRJSmnPw=="],

    "@types/node": ["@types/node@22.20.1", "", { "dependencies": { "undici-types": "~6.21.0" } }, "sha512-EANqOCF9QFyra+4pfxUcX9STKJpCLjMbObVzljIJomAWSnuSIEAvyzEU53GaajbXJEgdh0iEcPL+DGvpUd4k1Q=="],

    "acorn": ["acorn@8.18.0", "", { "bin": { "acorn": "bin/acorn" } }, "sha512-lGq+9yr1/GuAWaVYIHRjvvySG5/4VfKIvC8EWxStPdcDh/Ka7FG3twP6v4d5BkravUilhIAsG4Qj83t02LWUPQ=="],

    "bun-types": ["bun-types@1.3.14", "", { "dependencies": { "@types/node": "*" } }, "sha512-4N0ig0fEomHt5R0KCFWjovxow98rIoRwKolrYdCcknNwMekCXRnWEUvgu5soYV8QXtVsrUD8B95MBOZGPvr6KQ=="],

    "c12": ["c12@3.3.4", "", { "dependencies": { "chokidar": "^5.0.0", "confbox": "^0.2.4", "defu": "^6.1.6", "dotenv": "^17.3.1", "exsolve": "^1.0.8", "giget": "^3.2.0", "jiti": "^2.6.1", "ohash": "^2.0.11", "pathe": "^2.0.3", "perfect-debounce": "^2.1.0", "pkg-types": "^2.3.0", "rc9": "^3.0.1" }, "peerDependencies": { "magicast": "*" }, "optionalPeers": ["magicast"] }, "sha512-cM0ApFQSBXuourJejzwv/AuPRvAxordTyParRVcHjjtXirtkzM0uK2L9TTn9s0cXZbG7E55jCivRQzoxYmRAlA=="],

    "chokidar": ["chokidar@5.0.0", "", { "dependencies": { "readdirp": "^5.0.0" } }, "sha512-TQMmc3w+5AxjpL8iIiwebF73dRDF4fBIieAqGn9RGCWaEVwQ6Fb2cGe31Yns0RRIzii5goJ1Y7xbMwo1TxMplw=="],

    "citty": ["citty@0.1.6", "", { "dependencies": { "consola": "^3.2.3" } }, "sha512-tskPPKEs8D2KPafUypv2gxwJP8h/OaJmC82QQGGDQcHvXX43xF2VDACcJVmZ0EuSxkpO9Kc4MlrA3q0+FG58AQ=="],

    "confbox": ["confbox@0.2.4", "", {}, "sha512-ysOGlgTFbN2/Y6Cg3Iye8YKulHw+R2fNXHrgSmXISQdMnomY6eNDprVdW9R5xBguEqI954+S6709UyiO7B+6OQ=="],

    "consola": ["consola@3.4.2", "", {}, "sha512-5IKcdX0nnYavi6G7TtOhwkYzyjfJlatbjMjuLSfE2kYT5pMDOilZ4OvMhi637CcDICTmz3wARPoyhqyX1Y+XvA=="],

    "cookie-es": ["cookie-es@1.2.3", "", {}, "sha512-lXVyvUvrNXblMqzIRrxHb57UUVmqsSWlxqt3XIjCkUP0wDAf6uicO6KMbEgYrMNtEvWgWHwe42CKxPu9MYAnWw=="],

    "crossws": ["crossws@0.3.5", "", { "dependencies": { "uncrypto": "^0.1.3" } }, "sha512-ojKiDvcmByhwa8YYqbQI/hg7MEU0NC03+pSdEq4ZUnZR9xXpwk7E43SMNGkn+JxJGPFtNvQ48+vV2p+P1ml5PA=="],

    "defu": ["defu@6.1.7", "", {}, "sha512-7z22QmUWiQ/2d0KkdYmANbRUVABpZ9SNYyH5vx6PZ+nE5bcC0l7uFvEfHlyld/HcGBFTL536ClDt3DEcSlEJAQ=="],

    "destr": ["destr@2.0.5", "", {}, "sha512-ugFTXCtDZunbzasqBxrK93Ik/DRYsO6S/fedkWEMKqt04xZ4csmnmwGDBAb07QWNaGMAmnTIemsYZCksjATwsA=="],

    "detect-libc": ["detect-libc@2.1.2", "", {}, "sha512-Btj2BOOO83o3WyH59e8MgXsxEQVcarkUOpEYrubB0urwnN10yQ364rsiByU11nZlqWYZm05i/of7io4mzihBtQ=="],

    "dotenv": ["dotenv@17.4.2", "", {}, "sha512-nI4U3TottKAcAD9LLud4Cb7b2QztQMUEfHbvhTH09bqXTxnSie8WnjPALV/WMCrJZ6UV/qHJ6L03OqO3LcdYZw=="],

    "errx": ["errx@0.1.2", "", {}, "sha512-chfpPHmCerdo/rXr/nNvPZRkV4WwDRwzwnsJ0Uzz3tVi8Z41tDctRjduYy1138ii77AFlts1qvWtX3g/Acg91Q=="],

    "exsolve": ["exsolve@1.1.1", "", {}, "sha512-9U/jZUgjnSGyntRr6y5Muu1MJcwFl6kPu7k8qLF0IMNfLqvw0NZ4nnVDq0RVoZ0RvCyumib4Ez3KYrVfilrw+g=="],

    "fdir": ["fdir@6.5.0", "", { "peerDependencies": { "picomatch": "^3 || ^4" }, "optionalPeers": ["picomatch"] }, "sha512-tIbYtZbucOs0BRGqPJkshJUYdL+SDH7dVM8gjy+ERp3WAUjLEFJE+02kanyHtwjWOnwrKYBiwAmM0p4kLJAnXg=="],

    "giget": ["giget@3.3.1", "", { "bin": { "giget": "dist/cli.mjs" } }, "sha512-r+mvuDjrjMpsdw46Kmeydb8bdHm7wOKw8wNBtTndkjbPjgAp5oUJUxRE76wZFknxIPokfWvep2qSXK37aXE6zg=="],

    "h3": ["h3@1.15.11", "", { "dependencies": { "cookie-es": "^1.2.3", "crossws": "^0.3.5", "defu": "^6.1.6", "destr": "^2.0.5", "iron-webcrypto": "^1.2.1", "node-mock-http": "^1.0.4", "radix3": "^1.1.2", "ufo": "^1.6.3", "uncrypto": "^0.1.3" } }, "sha512-L3THSe2MPeBwgIZVSH5zLdBBU90TOxarvhK9d04IDY2AmVS8j2Jz2LIWtwsGOU3lu2I5jCN7FNvVfY2+XyF+mg=="],

    "ignore": ["ignore@7.0.6", "", {}, "sha512-BAg6QkE8W+TuQLrrw0Ugr7HegXduRuuj8/ti2kSOc+jz1dmx8/WNcjr6XGnq5YpDWxFwwaavqD0+jIUOKelTsw=="],

    "image-meta": ["image-meta@0.2.2", "", {}, "sha512-3MOLanc3sb3LNGWQl1RlQlNWURE5g32aUphrDyFeCsxBTk08iE3VNe4CwsUZ0Qs1X+EfX0+r29Sxdpza4B+yRA=="],

    "ipx": ["ipx@4.0.0-beta.1", "", { "dependencies": { "sharp": "^0.35.3", "srvx": "^0.12.4" }, "peerDependencies": { "unstorage": "*" }, "optionalPeers": ["unstorage"], "bin": { "ipx": "dist/cli.mjs" } }, "sha512-y6bt8CakzpsSO/TiiD8j+1oM+BFJs4rCiJyg8SyBiEaOUIhOu6DFX7lwCpZB/RnUzxVNQFqU4c4IL4MzyRcEQQ=="],

    "iron-webcrypto": ["iron-webcrypto@1.2.1", "", {}, "sha512-feOM6FaSr6rEABp/eDfVseKyTMDt+KGpeB35SkVn9Tyn0CqvVsY3EwI0v5i8nMHyJnzCIQf7nsy3p41TPkJZhg=="],

    "jiti": ["jiti@2.7.0", "", { "bin": { "jiti": "lib/jiti-cli.mjs" } }, "sha512-AC/7JofJvZGrrneWNaEnJeOLUx+JlGt7tNa0wZiRPT4MY1wmfKjt2+6O2p2uz2+skll8OZZmJMNqeke7kKbNgQ=="],

    "klona": ["klona@2.0.6", "", {}, "sha512-dhG34DXATL5hSxJbIexCft8FChFXtmskoZYnoPWjXQuebWYCNkVeV3KkGegCK9CP1oswI/vQibS2GY7Em/sJJA=="],

    "knitwork": ["knitwork@1.3.0", "", {}, "sha512-4LqMNoONzR43B1W0ek0fhXMsDNW/zxa1NdFAVMY+k28pgZLovR4G3PB5MrpTxCy1QaZCqNoiaKPr5w5qZHfSNw=="],

    "mlly": ["mlly@1.8.2", "", { "dependencies": { "acorn": "^8.16.0", "pathe": "^2.0.3", "pkg-types": "^1.3.1", "ufo": "^1.6.3" } }, "sha512-d+ObxMQFmbt10sretNDytwt85VrbkhhUA/JBGm1MPaWJ65Cl4wOgLaB1NYvJSZ0Ef03MMEU/0xpPMXUIQ29UfA=="],

    "node-mock-http": ["node-mock-http@1.0.5", "", {}, "sha512-KQyt/wLjG3TAc7DOUhpqWzgd4ERxR80JOlTK5VE5R1S12IaPVN5qkj4klBce9HPG1Njuup4Sb5bljaT34lIyjw=="],

    "nostics": ["nostics@1.2.0", "", {}, "sha512-FGqEfhQjrvo1lL8KFifdTQiNwwQHJxC1jtYE1Rc54qF/jxONUNL+kC9gS1krX8Q65PgrQ5fCqH/I4NhWBvdSqg=="],

    "ohash": ["ohash@2.0.11", "", {}, "sha512-RdR9FQrFwNBNXAr4GixM8YaRZRJ5PUWbKYbE5eOsrwAjJW0q2REGcf79oYPsLyskQCZG1PLN+S/K1V00joZAoQ=="],

    "pathe": ["pathe@2.0.3", "", {}, "sha512-WUjGcAqP1gQacoQe+OBJsFA7Ld4DyXuUIjZ5cc75cLHvJ7dtNsTugphxIADwspS+AraAUePCKrSVtPLFj/F88w=="],

    "perfect-debounce": ["perfect-debounce@2.1.0", "", {}, "sha512-LjgdTytVFXeUgtHZr9WYViYSM/g8MkcTPYDlPa3cDqMirHjKiSZPYd6DoL7pK8AJQr+uWkQvCjHNdiMqsrJs+g=="],

    "picomatch": ["picomatch@4.0.5", "", {}, "sha512-RvwwcruNjI1ncT5xRakeyS9Lf8lcItv34KD+aif+VH9kduAyfYBipGh12274xtenIPZ119/R9BdTBa8gAwSh0A=="],

    "pkg-types": ["pkg-types@2.3.1", "", { "dependencies": { "confbox": "^0.2.4", "exsolve": "^1.0.8", "pathe": "^2.0.3" } }, "sha512-y+ichcgc2LrADuhLNAx8DFjVfgz91pRxfZdI3UDhxHvcVEZsenLO+7XaU5vOp0u/7V/wZ+plyuQxtrDlZJ+yeg=="],

    "radix3": ["radix3@1.1.2", "", {}, "sha512-b484I/7b8rDEdSDKckSSBA8knMpcdsXudlE/LNL639wFoHKwLbEkQFZHWEYwDC0wa0FKUcCY+GAF73Z7wxNVFA=="],

    "rc9": ["rc9@3.0.1", "", { "dependencies": { "defu": "^6.1.6", "destr": "^2.0.5" } }, "sha512-gMDyleLWVE+i6Sgtc0QbbY6pEKqYs97NGi6isHQPqYlLemPoO8dxQ3uGi0f4NiP98c+jMW6cG1Kx9dDwfvqARQ=="],

    "readdirp": ["readdirp@5.0.0", "", {}, "sha512-9u/XQ1pvrQtYyMpZe7DXKv2p5CNvyVwzUB6uhLAnQwHMSgKMBR62lc7AHljaeteeHXn11XTAaLLUVZYVZyuRBQ=="],

    "rxjs": ["rxjs@7.8.2", "", { "dependencies": { "tslib": "^2.1.0" } }, "sha512-dhKf903U/PQZY6boNNtAGdWbG85WAbjT/1xYoZIC7FAY0yWapOBQVsVrDl58W86//e1VpMNBtRV4MaXfdMySFA=="],

    "scule": ["scule@1.3.0", "", {}, "sha512-6FtHJEvt+pVMIB9IBY+IcCJ6Z5f1iQnytgyfKMhDKgmzYG+TeH/wx1y3l27rshSbLiSanrR9ffZDrEsmjlQF2g=="],

    "semver": ["semver@7.8.5", "", { "bin": { "semver": "bin/semver.js" } }, "sha512-Y7/KDsb8LjooZpwaqGyulO6DQlksgCncchHGk+sZIY4SBvUocMBEFH5Ur1fI4dV+Jvl0w6cjvucaIi40puRioA=="],

    "sharp": ["sharp@0.35.3", "", { "dependencies": { "@img/colour": "^1.1.0", "detect-libc": "^2.1.2", "semver": "^7.8.5" }, "optionalDependencies": { "@img/sharp-darwin-arm64": "0.35.3", "@img/sharp-darwin-x64": "0.35.3", "@img/sharp-freebsd-wasm32": "0.35.3", "@img/sharp-libvips-darwin-arm64": "1.3.2", "@img/sharp-libvips-darwin-x64": "1.3.2", "@img/sharp-libvips-linux-arm": "1.3.2", "@img/sharp-libvips-linux-arm64": "1.3.2", "@img/sharp-libvips-linux-ppc64": "1.3.2", "@img/sharp-libvips-linux-riscv64": "1.3.2", "@img/sharp-libvips-linux-s390x": "1.3.2", "@img/sharp-libvips-linux-x64": "1.3.2", "@img/sharp-libvips-linuxmusl-arm64": "1.3.2", "@img/sharp-libvips-linuxmusl-x64": "1.3.2", "@img/sharp-linux-arm": "0.35.3", "@img/sharp-linux-arm64": "0.35.3", "@img/sharp-linux-ppc64": "0.35.3", "@img/sharp-linux-riscv64": "0.35.3", "@img/sharp-linux-s390x": "0.35.3", "@img/sharp-linux-x64": "0.35.3", "@img/sharp-linuxmusl-arm64": "0.35.3", "@img/sharp-linuxmusl-x64": "0.35.3", "@img/sharp-webcontainers-wasm32": "0.35.3", "@img/sharp-win32-arm64": "0.35.3", "@img/sharp-win32-ia32": "0.35.3", "@img/sharp-win32-x64": "0.35.3" } }, "sha512-ej0zVHuZGHCiABXcNxeYhpRnPNPAcvbG8RMdBAhDAxLKkCRVSpK3Iyu7qbqw3JMzoj0REeM6f3tJLtVwl0023Q=="],

    "srvx": ["srvx@0.12.5", "", { "bin": { "srvx": "bin/srvx.mjs" } }, "sha512-IuvtDNQg5EIwv3c6dleyau7u8hCyGQ7D6+V/QM799Aud07z0wCUcurKLTRfyG33C8oUY+UWcVBFkfHMcbtmRLA=="],

    "std-env": ["std-env@4.2.0", "", {}, "sha512-oCUKSupKTHX53EyjDtuZQ64pjLJ6yYCtpmEw0goYxtjG9KpbRe8KAsl2tBUGU9DyMcJ0RwJ8GqJAFzMXcXW1Rw=="],

    "tinyglobby": ["tinyglobby@0.2.17", "", { "dependencies": { "fdir": "^6.5.0", "picomatch": "^4.0.4" } }, "sha512-wXR/dYpcqKmfWpEdZjiKJOwCNFndD0DMnrW/cYjVGttEkBfVgcLFHoNrlj47mjOVic9yyNu65alsgF4NQyTa2g=="],

    "tslib": ["tslib@2.8.1", "", {}, "sha512-oJFu94HQb+KVduSUQL7wnpmqnfmLsOA/nAh6b6EH0wCEoK0/mPeXU6c3wKDV83MkOuHPRHtSXKKU99IBazS/2w=="],

    "typescript": ["typescript@5.9.3", "", { "bin": { "tsc": "bin/tsc", "tsserver": "bin/tsserver" } }, "sha512-jl1vZzPDinLr9eUt3J/t7V6FgNEw9QjvBPdysz9KfQDD41fQrC2Y4vKQdiaUpFT4bXlb1RHhLpp8wtm6M5TgSw=="],

    "ufo": ["ufo@1.6.4", "", {}, "sha512-JFNbkD1Svwe0KvGi8GOeLcP4kAWQ609twvCdcHxq1oSL8svv39ZuSvajcD8B+5D0eL4+s1Is2D/O6KN3qcTeRA=="],

    "uncrypto": ["uncrypto@0.1.3", "", {}, "sha512-Ql87qFHB3s/De2ClA9e0gsnS6zXG27SkTiSJwjCc9MebbfapQfuPzumMIUMi38ezPZVNFcHI9sUIepeQfw8J8Q=="],

    "unctx": ["unctx@3.0.0", "", { "peerDependencies": { "magic-string": ">=0.30.21", "oxc-parser": ">=0.140.0", "rolldown": "^1.1.5", "unplugin": "^3.3.0" }, "optionalPeers": ["magic-string", "oxc-parser", "rolldown", "unplugin"] }, "sha512-DoXdZVeyi2jyEsn86i8MO5RTItm1kffUkH9/+DQORn3Q688AMOy2551CIl6AdGL2UpwD675wtbNOl75wIQN/uA=="],

    "undici-types": ["undici-types@6.21.0", "", {}, "sha512-iwDZqg0QAGrg9Rav5H4n0M64c3mkR59cJ6wQp+7C4nI0gsmExaedaYLNO44eT4AtBBwjbTiGPMlt2Md0T9H9JQ=="],

    "unpic": ["unpic@4.2.2", "", {}, "sha512-z6T2ScMgRV2y2H8MwwhY5xHZWXhUx/YxtOCGJwfURSl7ypVy4HpLIMWoIZKnnxQa/RKzM0kg8hUh0paIrpLfvw=="],

    "untyped": ["untyped@2.0.0", "", { "dependencies": { "citty": "^0.1.6", "defu": "^6.1.4", "jiti": "^2.4.2", "knitwork": "^1.2.0", "scule": "^1.3.0" }, "bin": { "untyped": "dist/cli.mjs" } }, "sha512-nwNCjxJTjNuLCgFr42fEak5OcLuB3ecca+9ksPFNvtfYSLpjf+iJqSIaSnIile6ZPbKYxI5k2AfXqeopGudK/g=="],

    "verkit": ["verkit@0.2.0", "", {}, "sha512-6M8R2xSKplkQ+0mAm07IMh548GLLPUnRQZJCCe/W4rfk/SXW2bs8ZJSWa5kjdIdsx3hLG5oLWROJ4+N5hpX08g=="],

    "zone.js": ["zone.js@0.16.2", "", {}, "sha512-Eky7p2Z1Ig3NnbfodSPoARCjKBSTFMnE/ACsP1L/XJEfY4SdOFce19BsUCWVwL6K5ABZFy5J3bjcMWffX+YM3Q=="],

    "mlly/pkg-types": ["pkg-types@1.3.1", "", { "dependencies": { "confbox": "^0.1.8", "mlly": "^1.7.4", "pathe": "^2.0.1" } }, "sha512-/Jm5M4RvtBFVkKWRu2BLUTNP8/M2a+UwuAX+ae4770q1qVGtfjG+WTCupoZixokjmHiry8uI+dlY8KXYV5HVVQ=="],

    "mlly/pkg-types/confbox": ["confbox@0.1.8", "", {}, "sha512-RMtmw0iFkeR4YV+fUOSucriAQNb9g8zFR52MWCtl+cCZOFRNL6zeB395vPzFhEjjn4fMxXudmELnl/KF/WrK6w=="],
  }
}
